{
  "nodes": {
    "defaultencrypt": {
      "flake": false,
      "locked": {
        "lastModified": 1599228943,
        "narHash": "sha256-jtTXuHy2EsJroyt5PX+L3rJaX3xrdjcLnNpk3w9/470=",
        "owner": "lechten",
        "repo": "defaultencrypt",
        "rev": "83fb2d46061127b51d65d3548ffbe18642398a52",
        "type": "gitlab"
      },
      "original": {
        "owner": "lechten",
        "repo": "defaultencrypt",
        "type": "gitlab"
      }
    },
    "deploy-rs": {
      "inputs": {
        "flake-compat": "flake-compat",
        "nixpkgs": "nixpkgs",
        "utils": "utils"
      },
      "locked": {
        "lastModified": 1652079807,
        "narHash": "sha256-aCs1EwO9K2yJ1DcT4+4g7BMlJBWP7Xjs4k5i8ueR8PU=",
        "owner": "serokell",
        "repo": "deploy-rs",
        "rev": "690f698b18345d894784752b5fa93b9b8f3cc29f",
        "type": "github"
      },
      "original": {
        "owner": "serokell",
        "repo": "deploy-rs",
        "type": "github"
      }
    },
    "doom-emacs-config": {
      "flake": false,
      "locked": {
        "lastModified": 1649143026,
        "narHash": "sha256-P+RPatNuBakNtYj91uvxEin9XygBD8n5+AMAWtgw5Gc=",
        "owner": "stefanDeveloper",
        "repo": ".doom.d-conf",
        "rev": "f2fd9e269b01eee9636c1c74e22a086519382054",
        "type": "github"
      },
      "original": {
        "owner": "stefanDeveloper",
        "repo": ".doom.d-conf",
        "type": "github"
      }
    },
    "emacs-overlay": {
      "flake": false,
      "locked": {
        "lastModified": 1653045399,
        "narHash": "sha256-olhvDOOmxoXhyrVHsPAifTuhHJCH0eyG4t1FzIBJgEs=",
        "owner": "nix-community",
        "repo": "emacs-overlay",
        "rev": "f2b5fc6846d69051b7a7b174f7a96aa57b195f6e",
        "type": "github"
      },
      "original": {
        "owner": "nix-community",
        "repo": "emacs-overlay",
        "type": "github"
      }
    },
    "flake-compat": {
      "flake": false,
      "locked": {
        "lastModified": 1648199409,
        "narHash": "sha256-JwPKdC2PoVBkG6E+eWw3j6BMR6sL3COpYWfif7RVb8Y=",
        "owner": "edolstra",
        "repo": "flake-compat",
        "rev": "64a525ee38886ab9028e6f61790de0832aa3ef03",
        "type": "github"
      },
      "original": {
        "owner": "edolstra",
        "repo": "flake-compat",
        "type": "github"
      }
    },
    "gnus-alias": {
      "flake": false,
      "locked": {
        "lastModified": 1307526521,
        "narHash": "sha256-NMRQ2e4o1ffwNHulFHMFkVqGWp2t3deuN8ywkCwZvg8=",
        "owner": "altruizine",
        "repo": "gnus-alias",
        "rev": "11a0d73e7cec8cbc2001f3492081db1d23a018da",
        "type": "github"
      },
      "original": {
        "owner": "altruizine",
        "repo": "gnus-alias",
        "type": "github"
      }
    },
    "gpg-config": {
      "flake": false,
      "locked": {
        "lastModified": 1648477104,
        "narHash": "sha256-FCBIWMtBohE2j6AHVV+GRvSAXlLJaDGTec0BC0z874w=",
        "owner": "stefanDeveloper",
        "repo": "gpg-conf",
        "rev": "8dceee5516a529dc75f329d2c4ae2cdaa0ddc190",
        "type": "github"
      },
      "original": {
        "owner": "stefanDeveloper",
        "repo": "gpg-conf",
        "type": "github"
      }
    },
    "home-manager": {
      "inputs": {
        "nixpkgs": "nixpkgs_2"
      },
      "locked": {
        "lastModified": 1652996682,
        "narHash": "sha256-7ZWyd5W2tM/uxXGn16AJUXenlGPUt/r6zitEcorz5j0=",
        "owner": "nix-community",
        "repo": "home-manager",
        "rev": "02b15de8ad714409358cffdc6ed518ade03402c4",
        "type": "github"
      },
      "original": {
        "owner": "nix-community",
        "repo": "home-manager",
        "type": "github"
      }
    },
    "kitty-themes": {
      "flake": false,
      "locked": {
        "lastModified": 1642593129,
        "narHash": "sha256-RcDmZ1fbNX18+X3xCqqdRbD+XYPsgNte1IXUNt6CxIA=",
        "owner": "dexpota",
        "repo": "kitty-themes",
        "rev": "b1abdd54ba655ef34f75a568d78625981bf1722c",
        "type": "github"
      },
      "original": {
        "owner": "dexpota",
        "repo": "kitty-themes",
        "type": "github"
      }
    },
    "lowdown-src": {
      "flake": false,
      "locked": {
        "lastModified": 1633514407,
        "narHash": "sha256-Dw32tiMjdK9t3ETl5fzGrutQTzh2rufgZV4A/BbxuD4=",
        "owner": "kristapsdz",
        "repo": "lowdown",
        "rev": "d2c2b44ff6c27b936ec27358a2653caaef8f73b8",
        "type": "github"
      },
      "original": {
        "owner": "kristapsdz",
        "repo": "lowdown",
        "type": "github"
      }
    },
    "nix": {
      "inputs": {
        "lowdown-src": "lowdown-src",
        "nixpkgs": "nixpkgs_3",
        "nixpkgs-regression": "nixpkgs-regression"
      },
      "locked": {
        "lastModified": 1652991131,
        "narHash": "sha256-Kb5rtCejcdhet0FOQV+EC/2zhSWB/5h8NWPnsZSISAo=",
        "owner": "NixOS",
        "repo": "nix",
        "rev": "5aeda916390584b7b055ed794d1063a39854f148",
        "type": "github"
      },
      "original": {
        "id": "nix",
        "type": "indirect"
      }
    },
    "nix-doom-emacs": {
      "flake": false,
      "locked": {
        "lastModified": 1652103812,
        "narHash": "sha256-UKvsThMMycCBrnpDTCKOJd+Nc+by/u6Carl/MOEuQN8=",
        "owner": "hlissner",
        "repo": "doom-emacs",
        "rev": "8a27eb99bec5a955833b6d23f431c5cc39e91f7f",
        "type": "github"
      },
      "original": {
        "owner": "hlissner",
        "repo": "doom-emacs",
        "type": "github"
      }
    },
    "nixos-artwork": {
      "flake": false,
      "locked": {
        "lastModified": 1646799506,
        "narHash": "sha256-Dufnad/0i3XQSCwYs389Seg3kZVFSgfKeui/ne9Lxvo=",
        "owner": "nixos",
        "repo": "artwork",
        "rev": "54164a3d4bb8a3500932a76c2b7ae9593e66116c",
        "type": "github"
      },
      "original": {
        "owner": "nixos",
        "repo": "artwork",
        "type": "github"
      }
    },
    "nixos-hardware": {
      "flake": false,
      "locked": {
        "lastModified": 1653029861,
        "narHash": "sha256-f9IkBMBuFZcq+lspk91OKsNaBtrrDsKn+ItHmj2fO/4=",
        "owner": "NixOS",
        "repo": "nixos-hardware",
        "rev": "b49fe0e96e6b1233340eae44b257160f3c71a32d",
        "type": "github"
      },
      "original": {
        "owner": "NixOS",
        "repo": "nixos-hardware",
        "type": "github"
      }
    },
    "nixpkgs": {
      "locked": {
        "lastModified": 1648219316,
        "narHash": "sha256-Ctij+dOi0ZZIfX5eMhgwugfvB+WZSrvVNAyAuANOsnQ=",
        "owner": "NixOS",
        "repo": "nixpkgs",
        "rev": "30d3d79b7d3607d56546dd2a6b49e156ba0ec634",
        "type": "github"
      },
      "original": {
        "owner": "NixOS",
        "ref": "nixpkgs-unstable",
        "repo": "nixpkgs",
        "type": "github"
      }
    },
    "nixpkgs-fmt": {
      "flake": false,
      "locked": {
        "lastModified": 1649676836,
        "narHash": "sha256-93oaTaJmblljn05feIs3oWQ6yyhKw/mDqFS/B00kQmw=",
        "owner": "nix-community",
        "repo": "nixpkgs-fmt",
        "rev": "f1e0ea288f6217a41530d7079df1c011a3cd35a2",
        "type": "github"
      },
      "original": {
        "owner": "nix-community",
        "repo": "nixpkgs-fmt",
        "type": "github"
      }
    },
    "nixpkgs-regression": {
      "locked": {
        "lastModified": 1643052045,
        "narHash": "sha256-uGJ0VXIhWKGXxkeNnq4TvV3CIOkUJ3PAoLZ3HMzNVMw=",
        "owner": "NixOS",
        "repo": "nixpkgs",
        "rev": "215d4d0fd80ca5163643b03a33fde804a29cc1e2",
        "type": "github"
      },
      "original": {
        "id": "nixpkgs",
        "rev": "215d4d0fd80ca5163643b03a33fde804a29cc1e2",
        "type": "indirect"
      }
    },
    "nixpkgs-unstable": {
      "locked": {
        "lastModified": 1652885393,
        "narHash": "sha256-YIgvvlk4iQ1Hi7KD9o5gsojc+ApB+jiH1d5stK8uXiw=",
        "owner": "nixos",
        "repo": "nixpkgs",
        "rev": "48037fd90426e44e4bf03e6479e88a11453b9b66",
        "type": "github"
      },
      "original": {
        "owner": "nixos",
        "ref": "nixos-unstable",
        "repo": "nixpkgs",
        "type": "github"
      }
    },
    "nixpkgs_2": {
      "locked": {
        "lastModified": 1652840887,
        "narHash": "sha256-gEK4NNa4GwIgTZE63kt/4WTFAWRTJVSa30+h4ZjFh9U=",
        "owner": "NixOS",
        "repo": "nixpkgs",
        "rev": "52dc75a4fee3fdbcb792cb6fba009876b912bfe0",
        "type": "github"
      },
      "original": {
        "id": "nixpkgs",
        "type": "indirect"
      }
    },
    "nixpkgs_3": {
      "locked": {
        "lastModified": 1645296114,
        "narHash": "sha256-y53N7TyIkXsjMpOG7RhvqJFGDacLs9HlyHeSTBioqYU=",
        "owner": "NixOS",
        "repo": "nixpkgs",
        "rev": "530a53dcbc9437363471167a5e4762c5fcfa34a1",
        "type": "github"
      },
      "original": {
        "id": "nixpkgs",
        "ref": "nixos-21.05-small",
        "type": "indirect"
      }
    },
    "nixpkgs_4": {
      "locked": {
        "lastModified": 1652881001,
        "narHash": "sha256-k9JmPCojaJnqGz4aRXXT1HZqJKHCXijoMfBAb24abXk=",
        "owner": "NixOS",
        "repo": "nixpkgs",
        "rev": "2d474d6a4a43a0348b78db68dc00c491032cf5cf",
        "type": "github"
      },
      "original": {
        "owner": "NixOS",
        "ref": "nixos-21.11",
        "repo": "nixpkgs",
        "type": "github"
      }
    },
    "nur": {
      "locked": {
        "lastModified": 1653042409,
        "narHash": "sha256-P3h+rDxT1AScFhwc8MconD5AnhmWykoEMNDatP6IEMU=",
        "owner": "nix-community",
        "repo": "NUR",
        "rev": "f27711d8edb9480dfb1c3c899987df4b94aa2bed",
        "type": "github"
      },
      "original": {
        "owner": "nix-community",
        "repo": "NUR",
        "type": "github"
      }
    },
    "root": {
      "inputs": {
        "defaultencrypt": "defaultencrypt",
        "deploy-rs": "deploy-rs",
        "doom-emacs-config": "doom-emacs-config",
        "emacs-overlay": "emacs-overlay",
        "gnus-alias": "gnus-alias",
        "gpg-config": "gpg-config",
        "home-manager": "home-manager",
        "kitty-themes": "kitty-themes",
        "nix": "nix",
        "nix-doom-emacs": "nix-doom-emacs",
        "nixos-artwork": "nixos-artwork",
        "nixos-hardware": "nixos-hardware",
        "nixpkgs": "nixpkgs_4",
        "nixpkgs-fmt": "nixpkgs-fmt",
        "nixpkgs-unstable": "nixpkgs-unstable",
        "nur": "nur"
      }
    },
    "utils": {
      "locked": {
        "lastModified": 1648297722,
        "narHash": "sha256-W+qlPsiZd8F3XkzXOzAoR+mpFqzm3ekQkJNa+PIh1BQ=",
        "owner": "numtide",
        "repo": "flake-utils",
        "rev": "0f8662f1319ad6abf89b3380dd2722369fc51ade",
        "type": "github"
      },
      "original": {
        "owner": "numtide",
        "repo": "flake-utils",
        "type": "github"
      }
    }
  },
  "root": "root",
  "version": 7
}
