{
  "nodes": {
    "defaultencrypt": {
      "flake": false,
      "locked": {
        "lastModified": 1655135721,
        "narHash": "sha256-v0Tij7aSFODVjQ/45fwHTq4JwFpjJRPy6sUDXd2MbMI=",
        "owner": "lechten",
        "repo": "defaultencrypt",
        "rev": "316c5402d2e2e314e241cd7fa629db72c6dc9bcc",
        "type": "gitlab"
      },
      "original": {
        "owner": "lechten",
        "repo": "defaultencrypt",
        "type": "gitlab"
      }
    },
    "deploy-rs": {
      "inputs": {
        "flake-compat": "flake-compat",
        "nixpkgs": "nixpkgs",
        "utils": "utils"
      },
      "locked": {
        "lastModified": 1659725433,
        "narHash": "sha256-1ZxuK67TL29YLw88vQ18Y2Y6iYg8Jb7I6/HVzmNB6nM=",
        "owner": "serokell",
        "repo": "deploy-rs",
        "rev": "41f15759dd8b638e7b4f299730d94d5aa46ab7eb",
        "type": "github"
      },
      "original": {
        "owner": "serokell",
        "repo": "deploy-rs",
        "type": "github"
      }
    },
    "doom-emacs-config": {
      "flake": false,
      "locked": {
        "lastModified": 1649143026,
        "narHash": "sha256-P+RPatNuBakNtYj91uvxEin9XygBD8n5+AMAWtgw5Gc=",
        "owner": "stefanDeveloper",
        "repo": ".doom.d-conf",
        "rev": "f2fd9e269b01eee9636c1c74e22a086519382054",
        "type": "github"
      },
      "original": {
        "owner": "stefanDeveloper",
        "repo": ".doom.d-conf",
        "type": "github"
      }
    },
    "emacs-overlay": {
      "flake": false,
      "locked": {
        "lastModified": 1661142448,
        "narHash": "sha256-MKqQWdUnbQ7UVeEXhbuASvin8d42/AhmD2fanzWXkZg=",
        "owner": "nix-community",
        "repo": "emacs-overlay",
        "rev": "97a0b4e8d1bfc77f1159bad987c119394b7c2f26",
        "type": "github"
      },
      "original": {
        "owner": "nix-community",
        "repo": "emacs-overlay",
        "type": "github"
      }
    },
    "flake-compat": {
      "flake": false,
      "locked": {
        "lastModified": 1648199409,
        "narHash": "sha256-JwPKdC2PoVBkG6E+eWw3j6BMR6sL3COpYWfif7RVb8Y=",
        "owner": "edolstra",
        "repo": "flake-compat",
        "rev": "64a525ee38886ab9028e6f61790de0832aa3ef03",
        "type": "github"
      },
      "original": {
        "owner": "edolstra",
        "repo": "flake-compat",
        "type": "github"
      }
    },
    "gnus-alias": {
      "flake": false,
      "locked": {
        "lastModified": 1307526521,
        "narHash": "sha256-NMRQ2e4o1ffwNHulFHMFkVqGWp2t3deuN8ywkCwZvg8=",
        "owner": "altruizine",
        "repo": "gnus-alias",
        "rev": "11a0d73e7cec8cbc2001f3492081db1d23a018da",
        "type": "github"
      },
      "original": {
        "owner": "altruizine",
        "repo": "gnus-alias",
        "type": "github"
      }
    },
    "gpg-config": {
      "flake": false,
      "locked": {
        "lastModified": 1648477104,
        "narHash": "sha256-FCBIWMtBohE2j6AHVV+GRvSAXlLJaDGTec0BC0z874w=",
        "owner": "stefanDeveloper",
        "repo": "gpg-conf",
        "rev": "8dceee5516a529dc75f329d2c4ae2cdaa0ddc190",
        "type": "github"
      },
      "original": {
        "owner": "stefanDeveloper",
        "repo": "gpg-conf",
        "type": "github"
      }
    },
    "home-manager": {
      "inputs": {
        "nixpkgs": "nixpkgs_2"
      },
      "locked": {
        "lastModified": 1656169755,
        "narHash": "sha256-Nlnm4jeQWEGjYrE6hxi/7HYHjBSZ/E0RtjCYifnNsWk=",
        "owner": "nix-community",
        "repo": "home-manager",
        "rev": "4a3d01fb53f52ac83194081272795aa4612c2381",
        "type": "github"
      },
      "original": {
        "owner": "nix-community",
        "ref": "release-22.05",
        "repo": "home-manager",
        "type": "github"
      }
    },
    "kitty-themes": {
      "flake": false,
      "locked": {
        "lastModified": 1642593129,
        "narHash": "sha256-RcDmZ1fbNX18+X3xCqqdRbD+XYPsgNte1IXUNt6CxIA=",
        "owner": "dexpota",
        "repo": "kitty-themes",
        "rev": "b1abdd54ba655ef34f75a568d78625981bf1722c",
        "type": "github"
      },
      "original": {
        "owner": "dexpota",
        "repo": "kitty-themes",
        "type": "github"
      }
    },
    "lowdown-src": {
      "flake": false,
      "locked": {
        "lastModified": 1633514407,
        "narHash": "sha256-Dw32tiMjdK9t3ETl5fzGrutQTzh2rufgZV4A/BbxuD4=",
        "owner": "kristapsdz",
        "repo": "lowdown",
        "rev": "d2c2b44ff6c27b936ec27358a2653caaef8f73b8",
        "type": "github"
      },
      "original": {
        "owner": "kristapsdz",
        "repo": "lowdown",
        "type": "github"
      }
    },
    "nix": {
      "inputs": {
        "lowdown-src": "lowdown-src",
        "nixpkgs": "nixpkgs_3",
        "nixpkgs-regression": "nixpkgs-regression"
      },
      "locked": {
        "lastModified": 1660904554,
        "narHash": "sha256-/kO7GUG7h+VqHR5SWgPUfF8pB87gjRjk9CcIUGn/pSU=",
        "owner": "NixOS",
        "repo": "nix",
        "rev": "d5e979ab87ab894fde132799dac242780b28bc05",
        "type": "github"
      },
      "original": {
        "id": "nix",
        "type": "indirect"
      }
    },
    "nix-doom-emacs": {
      "flake": false,
      "locked": {
        "lastModified": 1660901074,
        "narHash": "sha256-3apl0eQlfBj3y0gDdoPp2M6PXYnhxs0QWOHp8B8A9sc=",
        "owner": "hlissner",
        "repo": "doom-emacs",
        "rev": "c44bc81a05f3758ceaa28921dd9c830b9c571e61",
        "type": "github"
      },
      "original": {
        "owner": "hlissner",
        "repo": "doom-emacs",
        "type": "github"
      }
    },
    "nixos-artwork": {
      "flake": false,
      "locked": {
        "lastModified": 1653465936,
        "narHash": "sha256-EEVKT/RA513t+Z85qDIugROSScxfpRjB1ib03K/Pg24=",
        "owner": "nixos",
        "repo": "artwork",
        "rev": "521e1b0a899074ca7a701c17e357c63c13d54133",
        "type": "github"
      },
      "original": {
        "owner": "nixos",
        "repo": "artwork",
        "type": "github"
      }
    },
    "nixos-hardware": {
      "flake": false,
      "locked": {
        "lastModified": 1660407119,
        "narHash": "sha256-04lWO0pDbhAXFdL4v2VzzwgxrZ5IefKn+TmZPiPeKxg=",
        "owner": "NixOS",
        "repo": "nixos-hardware",
        "rev": "12620020f76b1b5d2b0e6fbbda831ed4f5fe56e1",
        "type": "github"
      },
      "original": {
        "owner": "NixOS",
        "repo": "nixos-hardware",
        "type": "github"
      }
    },
    "nixpkgs": {
      "locked": {
        "lastModified": 1648219316,
        "narHash": "sha256-Ctij+dOi0ZZIfX5eMhgwugfvB+WZSrvVNAyAuANOsnQ=",
        "owner": "NixOS",
        "repo": "nixpkgs",
        "rev": "30d3d79b7d3607d56546dd2a6b49e156ba0ec634",
        "type": "github"
      },
      "original": {
        "owner": "NixOS",
        "ref": "nixpkgs-unstable",
        "repo": "nixpkgs",
        "type": "github"
      }
    },
    "nixpkgs-fmt": {
      "flake": false,
      "locked": {
        "lastModified": 1657716877,
        "narHash": "sha256-VZrLebgC/0lioEYh8oqJAhbfMyGtVNp6ASevf6t11IE=",
        "owner": "nix-community",
        "repo": "nixpkgs-fmt",
        "rev": "3c4addcc0aa9a6eb9fb64d9206733110d1153a52",
        "type": "github"
      },
      "original": {
        "owner": "nix-community",
        "repo": "nixpkgs-fmt",
        "type": "github"
      }
    },
    "nixpkgs-regression": {
      "locked": {
        "lastModified": 1643052045,
        "narHash": "sha256-uGJ0VXIhWKGXxkeNnq4TvV3CIOkUJ3PAoLZ3HMzNVMw=",
        "owner": "NixOS",
        "repo": "nixpkgs",
        "rev": "215d4d0fd80ca5163643b03a33fde804a29cc1e2",
        "type": "github"
      },
      "original": {
        "owner": "NixOS",
        "repo": "nixpkgs",
        "rev": "215d4d0fd80ca5163643b03a33fde804a29cc1e2",
        "type": "github"
      }
    },
    "nixpkgs-unstable": {
      "locked": {
        "lastModified": 1661088761,
        "narHash": "sha256-5DGKX81wIPAAiLwUmUYECpA3vop94AHHR7WmGXSsQok=",
        "owner": "nixos",
        "repo": "nixpkgs",
        "rev": "a7855f2235a1876f97473a76151fec2afa02b287",
        "type": "github"
      },
      "original": {
        "owner": "nixos",
        "ref": "nixos-unstable",
        "repo": "nixpkgs",
        "type": "github"
      }
    },
    "nixpkgs_2": {
      "locked": {
        "lastModified": 1661120702,
        "narHash": "sha256-o2P8sp6FaCwPT8i67Un3w5DN0+nFnY8e9xk7Tj0hpmE=",
        "owner": "NixOS",
        "repo": "nixpkgs",
        "rev": "3ed15c29ce0fd1c3fcfbbeebcf1607057200d83c",
        "type": "github"
      },
      "original": {
        "id": "nixpkgs",
        "type": "indirect"
      }
    },
    "nixpkgs_3": {
      "locked": {
        "lastModified": 1657693803,
        "narHash": "sha256-G++2CJ9u0E7NNTAi9n5G8TdDmGJXcIjkJ3NF8cetQB8=",
        "owner": "NixOS",
        "repo": "nixpkgs",
        "rev": "365e1b3a859281cf11b94f87231adeabbdd878a2",
        "type": "github"
      },
      "original": {
        "owner": "NixOS",
        "ref": "nixos-22.05-small",
        "repo": "nixpkgs",
        "type": "github"
      }
    },
    "nixpkgs_4": {
      "locked": {
        "lastModified": 1661009065,
        "narHash": "sha256-i+Q2ttGp4uOL3j0wEYP3MXLcu/4L/WbChxGQogiNSZo=",
        "owner": "NixOS",
        "repo": "nixpkgs",
        "rev": "9a91318fffec81ad009b73fd3b640d2541d87909",
        "type": "github"
      },
      "original": {
        "owner": "NixOS",
        "ref": "nixos-22.05",
        "repo": "nixpkgs",
        "type": "github"
      }
    },
    "nur": {
      "locked": {
        "lastModified": 1661145415,
        "narHash": "sha256-eip1IE2xeRhhy1OcXEnpUH5payVyhAe3159qB3bSTVA=",
        "owner": "nix-community",
        "repo": "NUR",
        "rev": "249ee5121b0764c86e65670265dd03ddd0b75a71",
        "type": "github"
      },
      "original": {
        "owner": "nix-community",
        "repo": "NUR",
        "type": "github"
      }
    },
    "root": {
      "inputs": {
        "defaultencrypt": "defaultencrypt",
        "deploy-rs": "deploy-rs",
        "doom-emacs-config": "doom-emacs-config",
        "emacs-overlay": "emacs-overlay",
        "gnus-alias": "gnus-alias",
        "gpg-config": "gpg-config",
        "home-manager": "home-manager",
        "kitty-themes": "kitty-themes",
        "nix": "nix",
        "nix-doom-emacs": "nix-doom-emacs",
        "nixos-artwork": "nixos-artwork",
        "nixos-hardware": "nixos-hardware",
        "nixpkgs": "nixpkgs_4",
        "nixpkgs-fmt": "nixpkgs-fmt",
        "nixpkgs-unstable": "nixpkgs-unstable",
        "nur": "nur"
      }
    },
    "utils": {
      "locked": {
        "lastModified": 1648297722,
        "narHash": "sha256-W+qlPsiZd8F3XkzXOzAoR+mpFqzm3ekQkJNa+PIh1BQ=",
        "owner": "numtide",
        "repo": "flake-utils",
        "rev": "0f8662f1319ad6abf89b3380dd2722369fc51ade",
        "type": "github"
      },
      "original": {
        "owner": "numtide",
        "repo": "flake-utils",
        "type": "github"
      }
    }
  },
  "root": "root",
  "version": 7
}
